// !$*UTF8*$!
{
	archiveVersion = 1;
	classes = {
	};
	objectVersion = 50;
	objects = {

/* Begin PBXBuildFile section */
		64B77A3F25D9349000A26E04 /* Dummy.swift in Sources */ = {isa = PBXBuildFile; fileRef = 64B77A3E25D9349000A26E04 /* Dummy.swift */; };
		64D481EE25D92BC80010E6BE /* AppDelegate.m in Sources */ = {isa = PBXBuildFile; fileRef = 64D481ED25D92BC80010E6BE /* AppDelegate.m */; };
		64D481F125D92BC80010E6BE /* SceneDelegate.m in Sources */ = {isa = PBXBuildFile; fileRef = 64D481F025D92BC80010E6BE /* SceneDelegate.m */; };
		64D481F425D92BC80010E6BE /* ViewController.m in Sources */ = {isa = PBXBuildFile; fileRef = 64D481F325D92BC80010E6BE /* ViewController.m */; };
		64D481F725D92BC80010E6BE /* Main.storyboard in Resources */ = {isa = PBXBuildFile; fileRef = 64D481F525D92BC80010E6BE /* Main.storyboard */; };
		64D481F925D92BC90010E6BE /* Assets.xcassets in Resources */ = {isa = PBXBuildFile; fileRef = 64D481F825D92BC80010E6BE /* Assets.xcassets */; };
		64D481FC25D92BC90010E6BE /* LaunchScreen.storyboard in Resources */ = {isa = PBXBuildFile; fileRef = 64D481FA25D92BC90010E6BE /* LaunchScreen.storyboard */; };
		64D481FF25D92BC90010E6BE /* main.m in Sources */ = {isa = PBXBuildFile; fileRef = 64D481FE25D92BC90010E6BE /* main.m */; };
		F5D5FCFCABF6DADCDC24998F /* libPods-mixing-swift-with-objc.a in Frameworks */ = {isa = PBXBuildFile; fileRef = B276CA67D23B1CEC95961E8D /* libPods-mixing-swift-with-objc.a */; };
/* End PBXBuildFile section */

/* Begin PBXFileReference section */
		64B77A3D25D9349000A26E04 /* mixing-swift-with-objc-Bridging-Header.h */ = {isa = PBXFileReference; lastKnownFileType = sourcecode.c.h; path = "mixing-swift-with-objc-Bridging-Header.h"; sourceTree = "<group>"; };
		64B77A3E25D9349000A26E04 /* Dummy.swift */ = {isa = PBXFileReference; lastKnownFileType = sourcecode.swift; path = Dummy.swift; sourceTree = "<group>"; };
		64D481E925D92BC80010E6BE /* mixing-swift-with-objc.app */ = {isa = PBXFileReference; explicitFileType = wrapper.application; includeInIndex = 0; path = "mixing-swift-with-objc.app"; sourceTree = BUILT_PRODUCTS_DIR; };
		64D481EC25D92BC80010E6BE /* AppDelegate.h */ = {isa = PBXFileReference; lastKnownFileType = sourcecode.c.h; path = AppDelegate.h; sourceTree = "<group>"; };
		64D481ED25D92BC80010E6BE /* AppDelegate.m */ = {isa = PBXFileReference; lastKnownFileType = sourcecode.c.objc; path = AppDelegate.m; sourceTree = "<group>"; };
		64D481EF25D92BC80010E6BE /* SceneDelegate.h */ = {isa = PBXFileReference; lastKnownFileType = sourcecode.c.h; path = SceneDelegate.h; sourceTree = "<group>"; };
		64D481F025D92BC80010E6BE /* SceneDelegate.m */ = {isa = PBXFileReference; lastKnownFileType = sourcecode.c.objc; path = SceneDelegate.m; sourceTree = "<group>"; };
		64D481F225D92BC80010E6BE /* ViewController.h */ = {isa = PBXFileReference; lastKnownFileType = sourcecode.c.h; path = ViewController.h; sourceTree = "<group>"; };
		64D481F325D92BC80010E6BE /* ViewController.m */ = {isa = PBXFileReference; lastKnownFileType = sourcecode.c.objc; path = ViewController.m; sourceTree = "<group>"; };
		64D481F625D92BC80010E6BE /* Base */ = {isa = PBXFileReference; lastKnownFileType = file.storyboard; name = Base; path = Base.lproj/Main.storyboard; sourceTree = "<group>"; };
		64D481F825D92BC80010E6BE /* Assets.xcassets */ = {isa = PBXFileReference; lastKnownFileType = folder.assetcatalog; path = Assets.xcassets; sourceTree = "<group>"; };
		64D481FB25D92BC90010E6BE /* Base */ = {isa = PBXFileReference; lastKnownFileType = file.storyboard; name = Base; path = Base.lproj/LaunchScreen.storyboard; sourceTree = "<group>"; };
		64D481FD25D92BC90010E6BE /* Info.plist */ = {isa = PBXFileReference; lastKnownFileType = text.plist.xml; path = Info.plist; sourceTree = "<group>"; };
		64D481FE25D92BC90010E6BE /* main.m */ = {isa = PBXFileReference; lastKnownFileType = sourcecode.c.objc; path = main.m; sourceTree = "<group>"; };
		B276CA67D23B1CEC95961E8D /* libPods-mixing-swift-with-objc.a */ = {isa = PBXFileReference; explicitFileType = archive.ar; includeInIndex = 0; path = "libPods-mixing-swift-with-objc.a"; sourceTree = BUILT_PRODUCTS_DIR; };
		DB265B2461AD1EA6C06F67CE /* Pods-mixing-swift-with-objc.debug.xcconfig */ = {isa = PBXFileReference; includeInIndex = 1; lastKnownFileType = text.xcconfig; name = "Pods-mixing-swift-with-objc.debug.xcconfig"; path = "Target Support Files/Pods-mixing-swift-with-objc/Pods-mixing-swift-with-objc.debug.xcconfig"; sourceTree = "<group>"; };
		EFC16B0A79363EEE357C71FF /* Pods-mixing-swift-with-objc.release.xcconfig */ = {isa = PBXFileReference; includeInIndex = 1; lastKnownFileType = text.xcconfig; name = "Pods-mixing-swift-with-objc.release.xcconfig"; path = "Target Support Files/Pods-mixing-swift-with-objc/Pods-mixing-swift-with-objc.release.xcconfig"; sourceTree = "<group>"; };
/* End PBXFileReference section */

/* Begin PBXFrameworksBuildPhase section */
		64D481E625D92BC80010E6BE /* Frameworks */ = {
			isa = PBXFrameworksBuildPhase;
			buildActionMask = 2147483647;
			files = (
				F5D5FCFCABF6DADCDC24998F /* libPods-mixing-swift-with-objc.a in Frameworks */,
			);
			runOnlyForDeploymentPostprocessing = 0;
		};
/* End PBXFrameworksBuildPhase section */

/* Begin PBXGroup section */
		40930DD0721F4A25C0C765AF /* Pods */ = {
			isa = PBXGroup;
			children = (
				DB265B2461AD1EA6C06F67CE /* Pods-mixing-swift-with-objc.debug.xcconfig */,
				EFC16B0A79363EEE357C71FF /* Pods-mixing-swift-with-objc.release.xcconfig */,
			);
			path = Pods;
			sourceTree = "<group>";
		};
		64D481E025D92BC80010E6BE = {
			isa = PBXGroup;
			children = (
				64D481EB25D92BC80010E6BE /* mixing-swift-with-objc */,
				64D481EA25D92BC80010E6BE /* Products */,
				40930DD0721F4A25C0C765AF /* Pods */,
				93F4630F91D419B1EE2D6F01 /* Frameworks */,
			);
			sourceTree = "<group>";
		};
		64D481EA25D92BC80010E6BE /* Products */ = {
			isa = PBXGroup;
			children = (
				64D481E925D92BC80010E6BE /* mixing-swift-with-objc.app */,
			);
			name = Products;
			sourceTree = "<group>";
		};
		64D481EB25D92BC80010E6BE /* mixing-swift-with-objc */ = {
			isa = PBXGroup;
			children = (
				64D481EC25D92BC80010E6BE /* AppDelegate.h */,
				64D481ED25D92BC80010E6BE /* AppDelegate.m */,
				64D481EF25D92BC80010E6BE /* SceneDelegate.h */,
				64D481F025D92BC80010E6BE /* SceneDelegate.m */,
				64D481F225D92BC80010E6BE /* ViewController.h */,
				64D481F325D92BC80010E6BE /* ViewController.m */,
				64B77A3E25D9349000A26E04 /* Dummy.swift */,
				64D481F525D92BC80010E6BE /* Main.storyboard */,
				64D481F825D92BC80010E6BE /* Assets.xcassets */,
				64D481FA25D92BC90010E6BE /* LaunchScreen.storyboard */,
				64D481FD25D92BC90010E6BE /* Info.plist */,
				64D481FE25D92BC90010E6BE /* main.m */,
				64B77A3D25D9349000A26E04 /* mixing-swift-with-objc-Bridging-Header.h */,
			);
			path = "mixing-swift-with-objc";
			sourceTree = "<group>";
		};
		93F4630F91D419B1EE2D6F01 /* Frameworks */ = {
			isa = PBXGroup;
			children = (
				B276CA67D23B1CEC95961E8D /* libPods-mixing-swift-with-objc.a */,
			);
			name = Frameworks;
			sourceTree = "<group>";
		};
/* End PBXGroup section */

/* Begin PBXNativeTarget section */
		64D481E825D92BC80010E6BE /* mixing-swift-with-objc */ = {
			isa = PBXNativeTarget;
			buildConfigurationList = 64D4820225D92BC90010E6BE /* Build configuration list for PBXNativeTarget "mixing-swift-with-objc" */;
			buildPhases = (
				BDEE4F804838B063974DD617 /* [CP] Check Pods Manifest.lock */,
				64D481E525D92BC80010E6BE /* Sources */,
				64D481E625D92BC80010E6BE /* Frameworks */,
				64D481E725D92BC80010E6BE /* Resources */,
			);
			buildRules = (
			);
			dependencies = (
			);
			name = "mixing-swift-with-objc";
			productName = "mixing-swift-with-objc";
			productReference = 64D481E925D92BC80010E6BE /* mixing-swift-with-objc.app */;
			productType = "com.apple.product-type.application";
		};
/* End PBXNativeTarget section */

/* Begin PBXProject section */
		64D481E125D92BC80010E6BE /* Project object */ = {
			isa = PBXProject;
			attributes = {
				LastUpgradeCheck = 1230;
				TargetAttributes = {
					64D481E825D92BC80010E6BE = {
						CreatedOnToolsVersion = 12.3;
						LastSwiftMigration = 1230;
					};
				};
			};
			buildConfigurationList = 64D481E425D92BC80010E6BE /* Build configuration list for PBXProject "mixing-swift-with-objc" */;
			compatibilityVersion = "Xcode 9.3";
			developmentRegion = en;
			hasScannedForEncodings = 0;
			knownRegions = (
				en,
				Base,
			);
			mainGroup = 64D481E025D92BC80010E6BE;
			productRefGroup = 64D481EA25D92BC80010E6BE /* Products */;
			projectDirPath = "";
			projectRoot = "";
			targets = (
				64D481E825D92BC80010E6BE /* mixing-swift-with-objc */,
			);
		};
/* End PBXProject section */

/* Begin PBXResourcesBuildPhase section */
		64D481E725D92BC80010E6BE /* Resources */ = {
			isa = PBXResourcesBuildPhase;
			buildActionMask = 2147483647;
			files = (
				64D481FC25D92BC90010E6BE /* LaunchScreen.storyboard in Resources */,
				64D481F925D92BC90010E6BE /* Assets.xcassets in Resources */,
				64D481F725D92BC80010E6BE /* Main.storyboard in Resources */,
			);
			runOnlyForDeploymentPostprocessing = 0;
		};
/* End PBXResourcesBuildPhase section */

/* Begin PBXShellScriptBuildPhase section */
		BDEE4F804838B063974DD617 /* [CP] Check Pods Manifest.lock */ = {
			isa = PBXShellScriptBuildPhase;
			buildActionMask = 2147483647;
			files = (
			);
			inputFileListPaths = (
			);
			inputPaths = (
				"${PODS_PODFILE_DIR_PATH}/Podfile.lock",
				"${PODS_ROOT}/Manifest.lock",
			);
			name = "[CP] Check Pods Manifest.lock";
			outputFileListPaths = (
			);
			outputPaths = (
				"$(DERIVED_FILE_DIR)/Pods-mixing-swift-with-objc-checkManifestLockResult.txt",
			);
			runOnlyForDeploymentPostprocessing = 0;
			shellPath = /bin/sh;
			shellScript = "diff \"${PODS_PODFILE_DIR_PATH}/Podfile.lock\" \"${PODS_ROOT}/Manifest.lock\" > /dev/null\nif [ $? != 0 ] ; then\n    # print error to STDERR\n    echo \"error: The sandbox is not in sync with the Podfile.lock. Run 'pod install' or update your CocoaPods installation.\" >&2\n    exit 1\nfi\n# This output is used by Xcode 'outputs' to avoid re-running this script phase.\necho \"SUCCESS\" > \"${SCRIPT_OUTPUT_FILE_0}\"\n";
			showEnvVarsInLog = 0;
		};
/* End PBXShellScriptBuildPhase section */

/* Begin PBXSourcesBuildPhase section */
		64D481E525D92BC80010E6BE /* Sources */ = {
			isa = PBXSourcesBuildPhase;
			buildActionMask = 2147483647;
			files = (
				64D481F425D92BC80010E6BE /* ViewController.m in Sources */,
				64D481EE25D92BC80010E6BE /* AppDelegate.m in Sources */,
				64B77A3F25D9349000A26E04 /* Dummy.swift in Sources */,
				64D481FF25D92BC90010E6BE /* main.m in Sources */,
				64D481F125D92BC80010E6BE /* SceneDelegate.m in Sources */,
			);
			runOnlyForDeploymentPostprocessing = 0;
		};
/* End PBXSourcesBuildPhase section */

/* Begin PBXVariantGroup section */
		64D481F525D92BC80010E6BE /* Main.storyboard */ = {
			isa = PBXVariantGroup;
			children = (
				64D481F625D92BC80010E6BE /* Base */,
			);
			name = Main.storyboard;
			sourceTree = "<group>";
		};
		64D481FA25D92BC90010E6BE /* LaunchScreen.storyboard */ = {
			isa = PBXVariantGroup;
			children = (
				64D481FB25D92BC90010E6BE /* Base */,
			);
			name = LaunchScreen.storyboard;
			sourceTree = "<group>";
		};
/* End PBXVariantGroup section */

/* Begin XCBuildConfiguration section */
		64D4820025D92BC90010E6BE /* Debug */ = {
			isa = XCBuildConfiguration;
			buildSettings = {
				ALWAYS_SEARCH_USER_PATHS = NO;
				CLANG_ANALYZER_NONNULL = YES;
				CLANG_ANALYZER_NUMBER_OBJECT_CONVERSION = YES_AGGRESSIVE;
				CLANG_CXX_LANGUAGE_STANDARD = "gnu++14";
				CLANG_CXX_LIBRARY = "libc++";
				CLANG_ENABLE_MODULES = YES;
				CLANG_ENABLE_OBJC_ARC = YES;
				CLANG_ENABLE_OBJC_WEAK = YES;
				CLANG_WARN_BLOCK_CAPTURE_AUTORELEASING = YES;
				CLANG_WARN_BOOL_CONVERSION = YES;
				CLANG_WARN_COMMA = YES;
				CLANG_WARN_CONSTANT_CONVERSION = YES;
				CLANG_WARN_DEPRECATED_OBJC_IMPLEMENTATIONS = YES;
				CLANG_WARN_DIRECT_OBJC_ISA_USAGE = YES_ERROR;
				CLANG_WARN_DOCUMENTATION_COMMENTS = YES;
				CLANG_WARN_EMPTY_BODY = YES;
				CLANG_WARN_ENUM_CONVERSION = YES;
				CLANG_WARN_INFINITE_RECURSION = YES;
				CLANG_WARN_INT_CONVERSION = YES;
				CLANG_WARN_NON_LITERAL_NULL_CONVERSION = YES;
				CLANG_WARN_OBJC_IMPLICIT_RETAIN_SELF = YES;
				CLANG_WARN_OBJC_LITERAL_CONVERSION = YES;
				CLANG_WARN_OBJC_ROOT_CLASS = YES_ERROR;
				CLANG_WARN_QUOTED_INCLUDE_IN_FRAMEWORK_HEADER = YES;
				CLANG_WARN_RANGE_LOOP_ANALYSIS = YES;
				CLANG_WARN_STRICT_PROTOTYPES = YES;
				CLANG_WARN_SUSPICIOUS_MOVE = YES;
				CLANG_WARN_UNGUARDED_AVAILABILITY = YES_AGGRESSIVE;
				CLANG_WARN_UNREACHABLE_CODE = YES;
				CLANG_WARN__DUPLICATE_METHOD_MATCH = YES;
				COPY_PHASE_STRIP = NO;
				DEBUG_INFORMATION_FORMAT = dwarf;
				ENABLE_STRICT_OBJC_MSGSEND = YES;
				ENABLE_TESTABILITY = YES;
				GCC_C_LANGUAGE_STANDARD = gnu11;
				GCC_DYNAMIC_NO_PIC = NO;
				GCC_NO_COMMON_BLOCKS = YES;
				GCC_OPTIMIZATION_LEVEL = 0;
				GCC_PREPROCESSOR_DEFINITIONS = (
					"DEBUG=1",
					"$(inherited)",
				);
				GCC_WARN_64_TO_32_BIT_CONVERSION = YES;
				GCC_WARN_ABOUT_RETURN_TYPE = YES_ERROR;
				GCC_WARN_UNDECLARED_SELECTOR = YES;
				GCC_WARN_UNINITIALIZED_AUTOS = YES_AGGRESSIVE;
				GCC_WARN_UNUSED_FUNCTION = YES;
				GCC_WARN_UNUSED_VARIABLE = YES;
				IPHONEOS_DEPLOYMENT_TARGET = 14.3;
				MTL_ENABLE_DEBUG_INFO = INCLUDE_SOURCE;
				MTL_FAST_MATH = YES;
				ONLY_ACTIVE_ARCH = YES;
				SDKROOT = iphoneos;
			};
			name = Debug;
		};
		64D4820125D92BC90010E6BE /* Release */ = {
			isa = XCBuildConfiguration;
			buildSettings = {
				ALWAYS_SEARCH_USER_PATHS = NO;
				CLANG_ANALYZER_NONNULL = YES;
				CLANG_ANALYZER_NUMBER_OBJECT_CONVERSION = YES_AGGRESSIVE;
				CLANG_CXX_LANGUAGE_STANDARD = "gnu++14";
				CLANG_CXX_LIBRARY = "libc++";
				CLANG_ENABLE_MODULES = YES;
				CLANG_ENABLE_OBJC_ARC = YES;
				CLANG_ENABLE_OBJC_WEAK = YES;
				CLANG_WARN_BLOCK_CAPTURE_AUTORELEASING = YES;
				CLANG_WARN_BOOL_CONVERSION = YES;
				CLANG_WARN_COMMA = YES;
				CLANG_WARN_CONSTANT_CONVERSION = YES;
				CLANG_WARN_DEPRECATED_OBJC_IMPLEMENTATIONS = YES;
				CLANG_WARN_DIRECT_OBJC_ISA_USAGE = YES_ERROR;
				CLANG_WARN_DOCUMENTATION_COMMENTS = YES;
				CLANG_WARN_EMPTY_BODY = YES;
				CLANG_WARN_ENUM_CONVERSION = YES;
				CLANG_WARN_INFINITE_RECURSION = YES;
				CLANG_WARN_INT_CONVERSION = YES;
				CLANG_WARN_NON_LITERAL_NULL_CONVERSION = YES;
				CLANG_WARN_OBJC_IMPLICIT_RETAIN_SELF = YES;
				CLANG_WARN_OBJC_LITERAL_CONVERSION = YES;
				CLANG_WARN_OBJC_ROOT_CLASS = YES_ERROR;
				CLANG_WARN_QUOTED_INCLUDE_IN_FRAMEWORK_HEADER = YES;
				CLANG_WARN_RANGE_LOOP_ANALYSIS = YES;
				CLANG_WARN_STRICT_PROTOTYPES = YES;
				CLANG_WARN_SUSPICIOUS_MOVE = YES;
				CLANG_WARN_UNGUARDED_AVAILABILITY = YES_AGGRESSIVE;
				CLANG_WARN_UNREACHABLE_CODE = YES;
				CLANG_WARN__DUPLICATE_METHOD_MATCH = YES;
				COPY_PHASE_STRIP = NO;
				DEBUG_INFORMATION_FORMAT = "dwarf-with-dsym";
				ENABLE_NS_ASSERTIONS = NO;
				ENABLE_STRICT_OBJC_MSGSEND = YES;
				GCC_C_LANGUAGE_STANDARD = gnu11;
				GCC_NO_COMMON_BLOCKS = YES;
				GCC_WARN_64_TO_32_BIT_CONVERSION = YES;
				GCC_WARN_ABOUT_RETURN_TYPE = YES_ERROR;
				GCC_WARN_UNDECLARED_SELECTOR = YES;
				GCC_WARN_UNINITIALIZED_AUTOS = YES_AGGRESSIVE;
				GCC_WARN_UNUSED_FUNCTION = YES;
				GCC_WARN_UNUSED_VARIABLE = YES;
				IPHONEOS_DEPLOYMENT_TARGET = 14.3;
				MTL_ENABLE_DEBUG_INFO = NO;
				MTL_FAST_MATH = YES;
				SDKROOT = iphoneos;
				VALIDATE_PRODUCT = YES;
			};
			name = Release;
		};
		64D4820325D92BC90010E6BE /* Debug */ = {
			isa = XCBuildConfiguration;
			baseConfigurationReference = DB265B2461AD1EA6C06F67CE /* Pods-mixing-swift-with-objc.debug.xcconfig */;
			buildSettings = {
				ASSETCATALOG_COMPILER_APPICON_NAME = AppIcon;
				ASSETCATALOG_COMPILER_GLOBAL_ACCENT_COLOR_NAME = AccentColor;
				CLANG_ENABLE_MODULES = YES;
				CODE_SIGN_STYLE = Automatic;
				DEVELOPMENT_TEAM = 3KB4M4F87V;
				INFOPLIST_FILE = "mixing-swift-with-objc/Info.plist";
				LD_RUNPATH_SEARCH_PATHS = (
					"$(inherited)",
					"@executable_path/Frameworks",
				);
				PRODUCT_BUNDLE_IDENTIFIER = "yurylapitsky.mixing-swift-with-objc";
				PRODUCT_NAME = "$(TARGET_NAME)";
				SWIFT_OBJC_BRIDGING_HEADER = "mixing-swift-with-objc/mixing-swift-with-objc-Bridging-Header.h";
				SWIFT_OPTIMIZATION_LEVEL = "-Onone";
				SWIFT_VERSION = 5.0;
				TARGETED_DEVICE_FAMILY = "1,2";
			};
			name = Debug;
		};
		64D4820425D92BC90010E6BE /* Release */ = {
			isa = XCBuildConfiguration;
			baseConfigurationReference = EFC16B0A79363EEE357C71FF /* Pods-mixing-swift-with-objc.release.xcconfig */;
			buildSettings = {
				ASSETCATALOG_COMPILER_APPICON_NAME = AppIcon;
				ASSETCATALOG_COMPILER_GLOBAL_ACCENT_COLOR_NAME = AccentColor;
				CLANG_ENABLE_MODULES = YES;
				CODE_SIGN_STYLE = Automatic;
				DEVELOPMENT_TEAM = 3KB4M4F87V;
				INFOPLIST_FILE = "mixing-swift-with-objc/Info.plist";
				LD_RUNPATH_SEARCH_PATHS = (
					"$(inherited)",
					"@executable_path/Frameworks",
				);
				PRODUCT_BUNDLE_IDENTIFIER = "yurylapitsky.mixing-swift-with-objc";
				PRODUCT_NAME = "$(TARGET_NAME)";
				SWIFT_OBJC_BRIDGING_HEADER = "mixing-swift-with-objc/mixing-swift-with-objc-Bridging-Header.h";
				SWIFT_VERSION = 5.0;
				TARGETED_DEVICE_FAMILY = "1,2";
			};
			name = Release;
		};
/* End XCBuildConfiguration section */

/* Begin XCConfigurationList section */
		64D481E425D92BC80010E6BE /* Build configuration list for PBXProject "mixing-swift-with-objc" */ = {
			isa = XCConfigurationList;
			buildConfigurations = (
				64D4820025D92BC90010E6BE /* Debug */,
				64D4820125D92BC90010E6BE /* Release */,
			);
			defaultConfigurationIsVisible = 0;
			defaultConfigurationName = Release;
		};
		64D4820225D92BC90010E6BE /* Build configuration list for PBXNativeTarget "mixing-swift-with-objc" */ = {
			isa = XCConfigurationList;
			buildConfigurations = (
				64D4820325D92BC90010E6BE /* Debug */,
				64D4820425D92BC90010E6BE /* Release */,
			);
			defaultConfigurationIsVisible = 0;
			defaultConfigurationName = Release;
		};
/* End XCConfigurationList section */
	};
	rootObject = 64D481E125D92BC80010E6BE /* Project object */;
}
